// !$*UTF8*$!
{
	archiveVersion = 1;
	classes = {
	};
	objectVersion = 77;
	objects = {

/* Begin PBXBuildFile section */
		15F542070E4ECF32304AE4D4 /* RootView.swift in Sources */ = {isa = PBXBuildFile; fileRef = 8DC2EA274A0490B6F0DEC5FD /* RootView.swift */; };
		16D11E1C37D023255B71B397 /* ModelPickerView.swift in Sources */ = {isa = PBXBuildFile; fileRef = 80E2E3B365ADCF50760B2280 /* ModelPickerView.swift */; };
		33360F83FD87F9DD968DFA2F /* LoginView.swift in Sources */ = {isa = PBXBuildFile; fileRef = 94567EB75BC9121E95247AB1 /* LoginView.swift */; };
		5EA917AF5480F8C34E794B7E /* PrismKit in Frameworks */ = {isa = PBXBuildFile; productRef = BF95EDC2BE93FF361E1F2D6E /* PrismKit */; };
		61C14F92F5E19AD247115B66 /* AppState.swift in Sources */ = {isa = PBXBuildFile; fileRef = FE232F0CC41662D1703EF458 /* AppState.swift */; };
		898BA0DED59FDABB75D032A7 /* EnrollView.swift in Sources */ = {isa = PBXBuildFile; fileRef = 0044568A64445857E24FD409 /* EnrollView.swift */; };
		8C3819507DE7FD87AA8679F9 /* ChatView.swift in Sources */ = {isa = PBXBuildFile; fileRef = F65D9A85386E8EFA1A6D0C70 /* ChatView.swift */; };
		B9DEEA98E63BEE7F2FC9A6EE /* SettingsView.swift in Sources */ = {isa = PBXBuildFile; fileRef = 6E02BE541FF59B758F2AECB0 /* SettingsView.swift */; };
		C6F007D55BBA410ABB9E2DF1 /* PrismApp.swift in Sources */ = {isa = PBXBuildFile; fileRef = C4115D7B498B51A37C0C1059 /* PrismApp.swift */; };
		E72183EE09D6643B45C7A504 /* Assets.xcassets in Resources */ = {isa = PBXBuildFile; fileRef = 20325D4A56CE1D2FAD548CC0 /* Assets.xcassets */; };
/* End PBXBuildFile section */

/* Begin PBXFileReference section */
		0044568A64445857E24FD409 /* EnrollView.swift */ = {isa = PBXFileReference; lastKnownFileType = sourcecode.swift; path = EnrollView.swift; sourceTree = "<group>"; };
		20325D4A56CE1D2FAD548CC0 /* Assets.xcassets */ = {isa = PBXFileReference; lastKnownFileType = folder.assetcatalog; path = Assets.xcassets; sourceTree = "<group>"; };
		3CBECDC40DB2F7D8BF88B956 /* Prism.app */ = {isa = PBXFileReference; includeInIndex = 0; lastKnownFileType = wrapper.application; path = Prism.app; sourceTree = BUILT_PRODUCTS_DIR; };
		6E02BE541FF59B758F2AECB0 /* SettingsView.swift */ = {isa = PBXFileReference; lastKnownFileType = sourcecode.swift; path = SettingsView.swift; sourceTree = "<group>"; };
		700D7F39C49B7C8408A36FF5 /* prism-ios */ = {isa = PBXFileReference; lastKnownFileType = folder; name = "prism-ios"; path = .; sourceTree = SOURCE_ROOT; };
		80E2E3B365ADCF50760B2280 /* ModelPickerView.swift */ = {isa = PBXFileReference; lastKnownFileType = sourcecode.swift; path = ModelPickerView.swift; sourceTree = "<group>"; };
		8DC2EA274A0490B6F0DEC5FD /* RootView.swift */ = {isa = PBXFileReference; lastKnownFileType = sourcecode.swift; path = RootView.swift; sourceTree = "<group>"; };
		94567EB75BC9121E95247AB1 /* LoginView.swift */ = {isa = PBXFileReference; lastKnownFileType = sourcecode.swift; path = LoginView.swift; sourceTree = "<group>"; };
		C4115D7B498B51A37C0C1059 /* PrismApp.swift */ = {isa = PBXFileReference; lastKnownFileType = sourcecode.swift; path = PrismApp.swift; sourceTree = "<group>"; };
		F65D9A85386E8EFA1A6D0C70 /* ChatView.swift */ = {isa = PBXFileReference; lastKnownFileType = sourcecode.swift; path = ChatView.swift; sourceTree = "<group>"; };
		FE232F0CC41662D1703EF458 /* AppState.swift */ = {isa = PBXFileReference; lastKnownFileType = sourcecode.swift; path = AppState.swift; sourceTree = "<group>"; };
/* End PBXFileReference section */

/* Begin PBXFrameworksBuildPhase section */
		530205CAA2885336FD1EDFD5 /* Frameworks */ = {
			isa = PBXFrameworksBuildPhase;
			buildActionMask = 2147483647;
			files = (
				5EA917AF5480F8C34E794B7E /* PrismKit in Frameworks */,
			);
			runOnlyForDeploymentPostprocessing = 0;
		};
/* End PBXFrameworksBuildPhase section */

/* Begin PBXGroup section */
		081163646A4A620D92B0DCA2 = {
			isa = PBXGroup;
			children = (
				5D028E93F161D106196F922F /* App */,
				FBFB9C693CC6D0C3A8B1B90E /* Packages */,
				82EA743558BFD02527A88470 /* Products */,
			);
			sourceTree = "<group>";
		};
		5D028E93F161D106196F922F /* App */ = {
			isa = PBXGroup;
			children = (
				FE232F0CC41662D1703EF458 /* AppState.swift */,
				20325D4A56CE1D2FAD548CC0 /* Assets.xcassets */,
				F65D9A85386E8EFA1A6D0C70 /* ChatView.swift */,
				0044568A64445857E24FD409 /* EnrollView.swift */,
				94567EB75BC9121E95247AB1 /* LoginView.swift */,
				80E2E3B365ADCF50760B2280 /* ModelPickerView.swift */,
				C4115D7B498B51A37C0C1059 /* PrismApp.swift */,
				8DC2EA274A0490B6F0DEC5FD /* RootView.swift */,
				6E02BE541FF59B758F2AECB0 /* SettingsView.swift */,
			);
			path = App;
			sourceTree = "<group>";
		};
		82EA743558BFD02527A88470 /* Products */ = {
			isa = PBXGroup;
			children = (
				3CBECDC40DB2F7D8BF88B956 /* Prism.app */,
			);
			name = Products;
			sourceTree = "<group>";
		};
		FBFB9C693CC6D0C3A8B1B90E /* Packages */ = {
			isa = PBXGroup;
			children = (
				700D7F39C49B7C8408A36FF5 /* prism-ios */,
			);
			name = Packages;
			sourceTree = "<group>";
		};
/* End PBXGroup section */

/* Begin PBXNativeTarget section */
		CDFC0F00FA9F3945D4407FE1 /* Prism */ = {
			isa = PBXNativeTarget;
			buildConfigurationList = C25105F88BA2397C1CC00D97 /* Build configuration list for PBXNativeTarget "Prism" */;
			buildPhases = (
				7560C300E64021D8BADEC8B6 /* Sources */,
				3E3DEC94F2D9C4F6FCCD8F48 /* Resources */,
				530205CAA2885336FD1EDFD5 /* Frameworks */,
			);
			buildRules = (
			);
			dependencies = (
			);
			name = Prism;
			packageProductDependencies = (
				BF95EDC2BE93FF361E1F2D6E /* PrismKit */,
			);
			productName = Prism;
			productReference = 3CBECDC40DB2F7D8BF88B956 /* Prism.app */;
			productType = "com.apple.product-type.application";
		};
/* End PBXNativeTarget section */

/* Begin PBXProject section */
		F89E62DC5A2CEA3C9FF3EC43 /* Project object */ = {
			isa = PBXProject;
			attributes = {
				BuildIndependentTargetsInParallel = YES;
				LastUpgradeCheck = 1430;
				TargetAttributes = {
					CDFC0F00FA9F3945D4407FE1 = {
						DevelopmentTeam = 858878N47M;
						ProvisioningStyle = Automatic;
					};
				};
			};
			buildConfigurationList = 0DA5A059EA94E37BB1AE7D8F /* Build configuration list for PBXProject "Prism" */;
			developmentRegion = en;
			hasScannedForEncodings = 0;
			knownRegions = (
				Base,
				en,
			);
			mainGroup = 081163646A4A620D92B0DCA2;
			minimizedProjectReferenceProxies = 1;
			packageReferences = (
				9006887C54F6F7A86DC31CEF /* XCLocalSwiftPackageReference "." */,
			);
			preferredProjectObjectVersion = 77;
			productRefGroup = 82EA743558BFD02527A88470 /* Products */;
			projectDirPath = "";
			projectRoot = "";
			targets = (
				CDFC0F00FA9F3945D4407FE1 /* Prism */,
			);
		};
/* End PBXProject section */

/* Begin PBXResourcesBuildPhase section */
		3E3DEC94F2D9C4F6FCCD8F48 /* Resources */ = {
			isa = PBXResourcesBuildPhase;
			buildActionMask = 2147483647;
			files = (
				E72183EE09D6643B45C7A504 /* Assets.xcassets in Resources */,
			);
			runOnlyForDeploymentPostprocessing = 0;
		};
/* End PBXResourcesBuildPhase section */

/* Begin PBXSourcesBuildPhase section */
		7560C300E64021D8BADEC8B6 /* Sources */ = {
			isa = PBXSourcesBuildPhase;
			buildActionMask = 2147483647;
			files = (
				61C14F92F5E19AD247115B66 /* AppState.swift in Sources */,
				8C3819507DE7FD87AA8679F9 /* ChatView.swift in Sources */,
				898BA0DED59FDABB75D032A7 /* EnrollView.swift in Sources */,
				33360F83FD87F9DD968DFA2F /* LoginView.swift in Sources */,
				16D11E1C37D023255B71B397 /* ModelPickerView.swift in Sources */,
				C6F007D55BBA410ABB9E2DF1 /* PrismApp.swift in Sources */,
				15F542070E4ECF32304AE4D4 /* RootView.swift in Sources */,
				B9DEEA98E63BEE7F2FC9A6EE /* SettingsView.swift in Sources */,
			);
			runOnlyForDeploymentPostprocessing = 0;
		};
/* End PBXSourcesBuildPhase section */

/* Begin XCBuildConfiguration section */
		4E8AB6C50D8E6B5B2BBD9220 /* Release */ = {
			isa = XCBuildConfiguration;
			buildSettings = {
				ASSETCATALOG_COMPILER_APPICON_NAME = AppIcon;
				CODE_SIGN_IDENTITY = "iPhone Developer";
				CODE_SIGN_STYLE = Automatic;
				DEVELOPMENT_TEAM = 858878N47M;
				GENERATE_INFOPLIST_FILE = YES;
				INFOPLIST_FILE = App/Info.plist;
				INFOPLIST_KEY_CFBundleDisplayName = Prism;
				INFOPLIST_KEY_UIApplicationSceneManifest_Generation = YES;
				INFOPLIST_KEY_UILaunchScreen_Generation = YES;
				INFOPLIST_KEY_UISupportedInterfaceOrientations = UIInterfaceOrientationPortrait;
				INFOPLIST_KEY_UISupportedInterfaceOrientations_iPad = "UIInterfaceOrientationPortrait UIInterfaceOrientationPortraitUpsideDown UIInterfaceOrientationLandscapeLeft UIInterfaceOrientationLandscapeRight";
				IPHONEOS_DEPLOYMENT_TARGET = 16.0;
				LD_RUNPATH_SEARCH_PATHS = (
					"$(inherited)",
					"@executable_path/Frameworks",
				);
				PRODUCT_BUNDLE_IDENTIFIER = org.skyphusion.prism;
				PRODUCT_NAME = Prism;
				SDKROOT = iphoneos;
				SWIFT_EMIT_LOC_STRINGS = YES;
				TARGETED_DEVICE_FAMILY = "1,2";
			};
			name = Release;
		};
		982D6354F7A0E5E91097D64D /* Debug */ = {
			isa = XCBuildConfiguration;
			buildSettings = {
				ALWAYS_SEARCH_USER_PATHS = NO;
				CLANG_ANALYZER_NONNULL = YES;
				CLANG_ANALYZER_NUMBER_OBJECT_CONVERSION = YES_AGGRESSIVE;
				CLANG_CXX_LANGUAGE_STANDARD = "gnu++14";
				CLANG_CXX_LIBRARY = "libc++";
				CLANG_ENABLE_MODULES = YES;
				CLANG_ENABLE_OBJC_ARC = YES;
				CLANG_ENABLE_OBJC_WEAK = YES;
				CLANG_WARN_BLOCK_CAPTURE_AUTORELEASING = YES;
				CLANG_WARN_BOOL_CONVERSION = YES;
				CLANG_WARN_COMMA = YES;
				CLANG_WARN_CONSTANT_CONVERSION = YES;
				CLANG_WARN_DEPRECATED_OBJC_IMPLEMENTATIONS = YES;
				CLANG_WARN_DIRECT_OBJC_ISA_USAGE = YES_ERROR;
				CLANG_WARN_DOCUMENTATION_COMMENTS = YES;
				CLANG_WARN_EMPTY_BODY = YES;
				CLANG_WARN_ENUM_CONVERSION = YES;
				CLANG_WARN_INFINITE_RECURSION = YES;
				CLANG_WARN_INT_CONVERSION = YES;
				CLANG_WARN_NON_LITERAL_NULL_CONVERSION = YES;
				CLANG_WARN_OBJC_IMPLICIT_RETAIN_SELF = YES;
				CLANG_WARN_OBJC_LITERAL_CONVERSION = YES;
				CLANG_WARN_OBJC_ROOT_CLASS = YES_ERROR;
				CLANG_WARN_QUOTED_INCLUDE_IN_FRAMEWORK_HEADER = YES;
				CLANG_WARN_RANGE_LOOP_ANALYSIS = YES;
				CLANG_WARN_STRICT_PROTOTYPES = YES;
				CLANG_WARN_SUSPICIOUS_MOVE = YES;
				CLANG_WARN_UNGUARDED_AVAILABILITY = YES_AGGRESSIVE;
				CLANG_WARN_UNREACHABLE_CODE = YES;
				CLANG_WARN__DUPLICATE_METHOD_MATCH = YES;
				CODE_SIGN_STYLE = Automatic;
				COPY_PHASE_STRIP = NO;
				CURRENT_PROJECT_VERSION = 1;
				DEBUG_INFORMATION_FORMAT = dwarf;
				DEVELOPMENT_TEAM = 858878N47M;
				ENABLE_STRICT_OBJC_MSGSEND = YES;
				ENABLE_TESTABILITY = YES;
				GCC_C_LANGUAGE_STANDARD = gnu11;
				GCC_DYNAMIC_NO_PIC = NO;
				GCC_NO_COMMON_BLOCKS = YES;
				GCC_OPTIMIZATION_LEVEL = 0;
				GCC_PREPROCESSOR_DEFINITIONS = (
					"$(inherited)",
					"DEBUG=1",
				);
				GCC_WARN_64_TO_32_BIT_CONVERSION = YES;
				GCC_WARN_ABOUT_RETURN_TYPE = YES_ERROR;
				GCC_WARN_UNDECLARED_SELECTOR = YES;
				GCC_WARN_UNINITIALIZED_AUTOS = YES_AGGRESSIVE;
				GCC_WARN_UNUSED_FUNCTION = YES;
				GCC_WARN_UNUSED_VARIABLE = YES;
				IPHONEOS_DEPLOYMENT_TARGET = 16.0;
				MACOSX_DEPLOYMENT_TARGET = 13.0;
				MARKETING_VERSION = 0.1.0;
				MTL_ENABLE_DEBUG_INFO = INCLUDE_SOURCE;
				MTL_FAST_MATH = YES;
				ONLY_ACTIVE_ARCH = YES;
				PRODUCT_NAME = "$(TARGET_NAME)";
				SDKROOT = iphoneos;
				SWIFT_ACTIVE_COMPILATION_CONDITIONS = DEBUG;
				SWIFT_OPTIMIZATION_LEVEL = "-Onone";
				SWIFT_VERSION = 5.9;
			};
			name = Debug;
		};
		F77B2C4C002B81D994EADF5F /* Release */ = {
			isa = XCBuildConfiguration;
			buildSettings = {
				ALWAYS_SEARCH_USER_PATHS = NO;
				CLANG_ANALYZER_NONNULL = YES;
				CLANG_ANALYZER_NUMBER_OBJECT_CONVERSION = YES_AGGRESSIVE;
				CLANG_CXX_LANGUAGE_STANDARD = "gnu++14";
				CLANG_CXX_LIBRARY = "libc++";
				CLANG_ENABLE_MODULES = YES;
				CLANG_ENABLE_OBJC_ARC = YES;
				CLANG_ENABLE_OBJC_WEAK = YES;
				CLANG_WARN_BLOCK_CAPTURE_AUTORELEASING = YES;
				CLANG_WARN_BOOL_CONVERSION = YES;
				CLANG_WARN_COMMA = YES;
				CLANG_WARN_CONSTANT_CONVERSION = YES;
				CLANG_WARN_DEPRECATED_OBJC_IMPLEMENTATIONS = YES;
				CLANG_WARN_DIRECT_OBJC_ISA_USAGE = YES_ERROR;
				CLANG_WARN_DOCUMENTATION_COMMENTS = YES;
				CLANG_WARN_EMPTY_BODY = YES;
				CLANG_WARN_ENUM_CONVERSION = YES;
				CLANG_WARN_INFINITE_RECURSION = YES;
				CLANG_WARN_INT_CONVERSION = YES;
				CLANG_WARN_NON_LITERAL_NULL_CONVERSION = YES;
				CLANG_WARN_OBJC_IMPLICIT_RETAIN_SELF = YES;
				CLANG_WARN_OBJC_LITERAL_CONVERSION = YES;
				CLANG_WARN_OBJC_ROOT_CLASS = YES_ERROR;
				CLANG_WARN_QUOTED_INCLUDE_IN_FRAMEWORK_HEADER = YES;
				CLANG_WARN_RANGE_LOOP_ANALYSIS = YES;
				CLANG_WARN_STRICT_PROTOTYPES = YES;
				CLANG_WARN_SUSPICIOUS_MOVE = YES;
				CLANG_WARN_UNGUARDED_AVAILABILITY = YES_AGGRESSIVE;
				CLANG_WARN_UNREACHABLE_CODE = YES;
				CLANG_WARN__DUPLICATE_METHOD_MATCH = YES;
				CODE_SIGN_STYLE = Automatic;
				COPY_PHASE_STRIP = NO;
				CURRENT_PROJECT_VERSION = 1;
				DEBUG_INFORMATION_FORMAT = "dwarf-with-dsym";
				DEVELOPMENT_TEAM = 858878N47M;
				ENABLE_NS_ASSERTIONS = NO;
				ENABLE_STRICT_OBJC_MSGSEND = YES;
				GCC_C_LANGUAGE_STANDARD = gnu11;
				GCC_NO_COMMON_BLOCKS = YES;
				GCC_WARN_64_TO_32_BIT_CONVERSION = YES;
				GCC_WARN_ABOUT_RETURN_TYPE = YES_ERROR;
				GCC_WARN_UNDECLARED_SELECTOR = YES;
				GCC_WARN_UNINITIALIZED_AUTOS = YES_AGGRESSIVE;
				GCC_WARN_UNUSED_FUNCTION = YES;
				GCC_WARN_UNUSED_VARIABLE = YES;
				IPHONEOS_DEPLOYMENT_TARGET = 16.0;
				MACOSX_DEPLOYMENT_TARGET = 13.0;
				MARKETING_VERSION = 0.1.0;
				MTL_ENABLE_DEBUG_INFO = NO;
				MTL_FAST_MATH = YES;
				PRODUCT_NAME = "$(TARGET_NAME)";
				SDKROOT = iphoneos;
				SWIFT_COMPILATION_MODE = wholemodule;
				SWIFT_OPTIMIZATION_LEVEL = "-O";
				SWIFT_VERSION = 5.9;
			};
			name = Release;
		};
		FD67B5E1F87349514CB2796D /* Debug */ = {
			isa = XCBuildConfiguration;
			buildSettings = {
				ASSETCATALOG_COMPILER_APPICON_NAME = AppIcon;
				CODE_SIGN_IDENTITY = "iPhone Developer";
				CODE_SIGN_STYLE = Automatic;
				DEVELOPMENT_TEAM = 858878N47M;
				GENERATE_INFOPLIST_FILE = YES;
				INFOPLIST_FILE = App/Info.plist;
				INFOPLIST_KEY_CFBundleDisplayName = Prism;
				INFOPLIST_KEY_UIApplicationSceneManifest_Generation = YES;
				INFOPLIST_KEY_UILaunchScreen_Generation = YES;
				INFOPLIST_KEY_UISupportedInterfaceOrientations = UIInterfaceOrientationPortrait;
				INFOPLIST_KEY_UISupportedInterfaceOrientations_iPad = "UIInterfaceOrientationPortrait UIInterfaceOrientationPortraitUpsideDown UIInterfaceOrientationLandscapeLeft UIInterfaceOrientationLandscapeRight";
				IPHONEOS_DEPLOYMENT_TARGET = 16.0;
				LD_RUNPATH_SEARCH_PATHS = (
					"$(inherited)",
					"@executable_path/Frameworks",
				);
				PRODUCT_BUNDLE_IDENTIFIER = org.skyphusion.prism;
				PRODUCT_NAME = Prism;
				SDKROOT = iphoneos;
				SWIFT_EMIT_LOC_STRINGS = YES;
				TARGETED_DEVICE_FAMILY = "1,2";
			};
			name = Debug;
		};
/* End XCBuildConfiguration section */

/* Begin XCConfigurationList section */
		0DA5A059EA94E37BB1AE7D8F /* Build configuration list for PBXProject "Prism" */ = {
			isa = XCConfigurationList;
			buildConfigurations = (
				982D6354F7A0E5E91097D64D /* Debug */,
				F77B2C4C002B81D994EADF5F /* Release */,
			);
			defaultConfigurationIsVisible = 0;
			defaultConfigurationName = Debug;
		};
		C25105F88BA2397C1CC00D97 /* Build configuration list for PBXNativeTarget "Prism" */ = {
			isa = XCConfigurationList;
			buildConfigurations = (
				FD67B5E1F87349514CB2796D /* Debug */,
				4E8AB6C50D8E6B5B2BBD9220 /* Release */,
			);
			defaultConfigurationIsVisible = 0;
			defaultConfigurationName = Debug;
		};
/* End XCConfigurationList section */

/* Begin XCLocalSwiftPackageReference section */
		9006887C54F6F7A86DC31CEF /* XCLocalSwiftPackageReference "." */ = {
			isa = XCLocalSwiftPackageReference;
			relativePath = .;
		};
/* End XCLocalSwiftPackageReference section */

/* Begin XCSwiftPackageProductDependency section */
		BF95EDC2BE93FF361E1F2D6E /* PrismKit */ = {
			isa = XCSwiftPackageProductDependency;
			productName = PrismKit;
		};
/* End XCSwiftPackageProductDependency section */
	};
	rootObject = F89E62DC5A2CEA3C9FF3EC43 /* Project object */;
}
